// !$*UTF8*$!
{
	archiveVersion = 1;
	classes = {
	};
	objectVersion = 48;
	objects = {

/* Begin PBXBuildFile section */
		6D29FD0388DA2784DB453F23 /* libPods-MVVM+RAC.a in Frameworks */ = {isa = PBXBuildFile; fileRef = 3E1F6A9310A5D375E3B498A4 /* libPods-MVVM+RAC.a */; };
		B05A25D9211546D9007405CE /* AppDelegate.m in Sources */ = {isa = PBXBuildFile; fileRef = B05A25D8211546D9007405CE /* AppDelegate.m */; };
		B05A25DC211546D9007405CE /* ViewController.m in Sources */ = {isa = PBXBuildFile; fileRef = B05A25DB211546D9007405CE /* ViewController.m */; };
		B05A25DF211546D9007405CE /* Main.storyboard in Resources */ = {isa = PBXBuildFile; fileRef = B05A25DD211546D9007405CE /* Main.storyboard */; };
		B05A25E1211546D9007405CE /* Assets.xcassets in Resources */ = {isa = PBXBuildFile; fileRef = B05A25E0211546D9007405CE /* Assets.xcassets */; };
		B05A25E4211546D9007405CE /* LaunchScreen.storyboard in Resources */ = {isa = PBXBuildFile; fileRef = B05A25E2211546D9007405CE /* LaunchScreen.storyboard */; };
		B05A25E7211546D9007405CE /* main.m in Sources */ = {isa = PBXBuildFile; fileRef = B05A25E6211546D9007405CE /* main.m */; };
		B05A25F1211546D9007405CE /* MVVM_RACTests.m in Sources */ = {isa = PBXBuildFile; fileRef = B05A25F0211546D9007405CE /* MVVM_RACTests.m */; };
		B05A25FC211546D9007405CE /* MVVM_RACUITests.m in Sources */ = {isa = PBXBuildFile; fileRef = B05A25FB211546D9007405CE /* MVVM_RACUITests.m */; };
/* End PBXBuildFile section */

/* Begin PBXContainerItemProxy section */
		B05A25ED211546D9007405CE /* PBXContainerItemProxy */ = {
			isa = PBXContainerItemProxy;
			containerPortal = B05A25CC211546D9007405CE /* Project object */;
			proxyType = 1;
			remoteGlobalIDString = B05A25D3211546D9007405CE;
			remoteInfo = "MVVM+RAC";
		};
		B05A25F8211546D9007405CE /* PBXContainerItemProxy */ = {
			isa = PBXContainerItemProxy;
			containerPortal = B05A25CC211546D9007405CE /* Project object */;
			proxyType = 1;
			remoteGlobalIDString = B05A25D3211546D9007405CE;
			remoteInfo = "MVVM+RAC";
		};
/* End PBXContainerItemProxy section */

/* Begin PBXFileReference section */
		3E1F6A9310A5D375E3B498A4 /* libPods-MVVM+RAC.a */ = {isa = PBXFileReference; explicitFileType = archive.ar; includeInIndex = 0; path = "libPods-MVVM+RAC.a"; sourceTree = BUILT_PRODUCTS_DIR; };
		8D070E944795458A6D07EDAE /* Pods-MVVM+RAC.release.xcconfig */ = {isa = PBXFileReference; includeInIndex = 1; lastKnownFileType = text.xcconfig; name = "Pods-MVVM+RAC.release.xcconfig"; path = "Pods/Target Support Files/Pods-MVVM+RAC/Pods-MVVM+RAC.release.xcconfig"; sourceTree = "<group>"; };
		A932B92D2E4798C7C89C1A8A /* Pods-MVVM+RAC.debug.xcconfig */ = {isa = PBXFileReference; includeInIndex = 1; lastKnownFileType = text.xcconfig; name = "Pods-MVVM+RAC.debug.xcconfig"; path = "Pods/Target Support Files/Pods-MVVM+RAC/Pods-MVVM+RAC.debug.xcconfig"; sourceTree = "<group>"; };
		B05A25D4211546D9007405CE /* MVVM+RAC.app */ = {isa = PBXFileReference; explicitFileType = wrapper.application; includeInIndex = 0; path = "MVVM+RAC.app"; sourceTree = BUILT_PRODUCTS_DIR; };
		B05A25D7211546D9007405CE /* AppDelegate.h */ = {isa = PBXFileReference; lastKnownFileType = sourcecode.c.h; path = AppDelegate.h; sourceTree = "<group>"; };
		B05A25D8211546D9007405CE /* AppDelegate.m */ = {isa = PBXFileReference; lastKnownFileType = sourcecode.c.objc; path = AppDelegate.m; sourceTree = "<group>"; };
		B05A25DA211546D9007405CE /* ViewController.h */ = {isa = PBXFileReference; lastKnownFileType = sourcecode.c.h; path = ViewController.h; sourceTree = "<group>"; };
		B05A25DB211546D9007405CE /* ViewController.m */ = {isa = PBXFileReference; lastKnownFileType = sourcecode.c.objc; path = ViewController.m; sourceTree = "<group>"; };
		B05A25DE211546D9007405CE /* Base */ = {isa = PBXFileReference; lastKnownFileType = file.storyboard; name = Base; path = Base.lproj/Main.storyboard; sourceTree = "<group>"; };
		B05A25E0211546D9007405CE /* Assets.xcassets */ = {isa = PBXFileReference; lastKnownFileType = folder.assetcatalog; path = Assets.xcassets; sourceTree = "<group>"; };
		B05A25E3211546D9007405CE /* Base */ = {isa = PBXFileReference; lastKnownFileType = file.storyboard; name = Base; path = Base.lproj/LaunchScreen.storyboard; sourceTree = "<group>"; };
		B05A25E5211546D9007405CE /* Info.plist */ = {isa = PBXFileReference; lastKnownFileType = text.plist.xml; path = Info.plist; sourceTree = "<group>"; };
		B05A25E6211546D9007405CE /* main.m */ = {isa = PBXFileReference; lastKnownFileType = sourcecode.c.objc; path = main.m; sourceTree = "<group>"; };
		B05A25EC211546D9007405CE /* MVVM+RACTests.xctest */ = {isa = PBXFileReference; explicitFileType = wrapper.cfbundle; includeInIndex = 0; path = "MVVM+RACTests.xctest"; sourceTree = BUILT_PRODUCTS_DIR; };
		B05A25F0211546D9007405CE /* MVVM_RACTests.m */ = {isa = PBXFileReference; lastKnownFileType = sourcecode.c.objc; path = MVVM_RACTests.m; sourceTree = "<group>"; };
		B05A25F2211546D9007405CE /* Info.plist */ = {isa = PBXFileReference; lastKnownFileType = text.plist.xml; path = Info.plist; sourceTree = "<group>"; };
		B05A25F7211546D9007405CE /* MVVM+RACUITests.xctest */ = {isa = PBXFileReference; explicitFileType = wrapper.cfbundle; includeInIndex = 0; path = "MVVM+RACUITests.xctest"; sourceTree = BUILT_PRODUCTS_DIR; };
		B05A25FB211546D9007405CE /* MVVM_RACUITests.m */ = {isa = PBXFileReference; lastKnownFileType = sourcecode.c.objc; path = MVVM_RACUITests.m; sourceTree = "<group>"; };
		B05A25FD211546D9007405CE /* Info.plist */ = {isa = PBXFileReference; lastKnownFileType = text.plist.xml; path = Info.plist; sourceTree = "<group>"; };
/* End PBXFileReference section */

/* Begin PBXFrameworksBuildPhase section */
		B05A25D1211546D9007405CE /* Frameworks */ = {
			isa = PBXFrameworksBuildPhase;
			buildActionMask = 2147483647;
			files = (
				6D29FD0388DA2784DB453F23 /* libPods-MVVM+RAC.a in Frameworks */,
			);
			runOnlyForDeploymentPostprocessing = 0;
		};
		B05A25E9211546D9007405CE /* Frameworks */ = {
			isa = PBXFrameworksBuildPhase;
			buildActionMask = 2147483647;
			files = (
			);
			runOnlyForDeploymentPostprocessing = 0;
		};
		B05A25F4211546D9007405CE /* Frameworks */ = {
			isa = PBXFrameworksBuildPhase;
			buildActionMask = 2147483647;
			files = (
			);
			runOnlyForDeploymentPostprocessing = 0;
		};
/* End PBXFrameworksBuildPhase section */

/* Begin PBXGroup section */
		7C8F4EF7DC343B872E786DF3 /* Pods */ = {
			isa = PBXGroup;
			children = (
				A932B92D2E4798C7C89C1A8A /* Pods-MVVM+RAC.debug.xcconfig */,
				8D070E944795458A6D07EDAE /* Pods-MVVM+RAC.release.xcconfig */,
			);
			name = Pods;
			sourceTree = "<group>";
		};
		B05A25CB211546D9007405CE = {
			isa = PBXGroup;
			children = (
				B05A25D6211546D9007405CE /* MVVM+RAC */,
				B05A25EF211546D9007405CE /* MVVM+RACTests */,
				B05A25FA211546D9007405CE /* MVVM+RACUITests */,
				B05A25D5211546D9007405CE /* Products */,
				7C8F4EF7DC343B872E786DF3 /* Pods */,
				B1A1211E66E4104C71C0CAFE /* Frameworks */,
			);
			sourceTree = "<group>";
		};
		B05A25D5211546D9007405CE /* Products */ = {
			isa = PBXGroup;
			children = (
				B05A25D4211546D9007405CE /* MVVM+RAC.app */,
				B05A25EC211546D9007405CE /* MVVM+RACTests.xctest */,
				B05A25F7211546D9007405CE /* MVVM+RACUITests.xctest */,
			);
			name = Products;
			sourceTree = "<group>";
		};
		B05A25D6211546D9007405CE /* MVVM+RAC */ = {
			isa = PBXGroup;
			children = (
				B05A25D7211546D9007405CE /* AppDelegate.h */,
				B05A25D8211546D9007405CE /* AppDelegate.m */,
				B05A25DA211546D9007405CE /* ViewController.h */,
				B05A25DB211546D9007405CE /* ViewController.m */,
				B05A25DD211546D9007405CE /* Main.storyboard */,
				B05A25E0211546D9007405CE /* Assets.xcassets */,
				B05A25E2211546D9007405CE /* LaunchScreen.storyboard */,
				B05A25E5211546D9007405CE /* Info.plist */,
				B05A25E6211546D9007405CE /* main.m */,
			);
			path = "MVVM+RAC";
			sourceTree = "<group>";
		};
		B05A25EF211546D9007405CE /* MVVM+RACTests */ = {
			isa = PBXGroup;
			children = (
				B05A25F0211546D9007405CE /* MVVM_RACTests.m */,
				B05A25F2211546D9007405CE /* Info.plist */,
			);
			path = "MVVM+RACTests";
			sourceTree = "<group>";
		};
		B05A25FA211546D9007405CE /* MVVM+RACUITests */ = {
			isa = PBXGroup;
			children = (
				B05A25FB211546D9007405CE /* MVVM_RACUITests.m */,
				B05A25FD211546D9007405CE /* Info.plist */,
			);
			path = "MVVM+RACUITests";
			sourceTree = "<group>";
		};
		B1A1211E66E4104C71C0CAFE /* Frameworks */ = {
			isa = PBXGroup;
			children = (
				3E1F6A9310A5D375E3B498A4 /* libPods-MVVM+RAC.a */,
			);
			name = Frameworks;
			sourceTree = "<group>";
		};
/* End PBXGroup section */

/* Begin PBXNativeTarget section */
		B05A25D3211546D9007405CE /* MVVM+RAC */ = {
			isa = PBXNativeTarget;
			buildConfigurationList = B05A2600211546D9007405CE /* Build configuration list for PBXNativeTarget "MVVM+RAC" */;
			buildPhases = (
				7A4F330450E012156C1B8070 /* [CP] Check Pods Manifest.lock */,
				B05A25D0211546D9007405CE /* Sources */,
				B05A25D1211546D9007405CE /* Frameworks */,
				B05A25D2211546D9007405CE /* Resources */,
				DAAF5A5429487672E0E7BB61 /* [CP] Copy Pods Resources */,
			);
			buildRules = (
			);
			dependencies = (
			);
			name = "MVVM+RAC";
			productName = "MVVM+RAC";
			productReference = B05A25D4211546D9007405CE /* MVVM+RAC.app */;
			productType = "com.apple.product-type.application";
		};
		B05A25EB211546D9007405CE /* MVVM+RACTests */ = {
			isa = PBXNativeTarget;
			buildConfigurationList = B05A2603211546D9007405CE /* Build configuration list for PBXNativeTarget "MVVM+RACTests" */;
			buildPhases = (
				B05A25E8211546D9007405CE /* Sources */,
				B05A25E9211546D9007405CE /* Frameworks */,
				B05A25EA211546D9007405CE /* Resources */,
			);
			buildRules = (
			);
			dependencies = (
				B05A25EE211546D9007405CE /* PBXTargetDependency */,
			);
			name = "MVVM+RACTests";
			productName = "MVVM+RACTests";
			productReference = B05A25EC211546D9007405CE /* MVVM+RACTests.xctest */;
			productType = "com.apple.product-type.bundle.unit-test";
		};
		B05A25F6211546D9007405CE /* MVVM+RACUITests */ = {
			isa = PBXNativeTarget;
			buildConfigurationList = B05A2606211546D9007405CE /* Build configuration list for PBXNativeTarget "MVVM+RACUITests" */;
			buildPhases = (
				B05A25F3211546D9007405CE /* Sources */,
				B05A25F4211546D9007405CE /* Frameworks */,
				B05A25F5211546D9007405CE /* Resources */,
			);
			buildRules = (
			);
			dependencies = (
				B05A25F9211546D9007405CE /* PBXTargetDependency */,
			);
			name = "MVVM+RACUITests";
			productName = "MVVM+RACUITests";
			productReference = B05A25F7211546D9007405CE /* MVVM+RACUITests.xctest */;
			productType = "com.apple.product-type.bundle.ui-testing";
		};
/* End PBXNativeTarget section */

/* Begin PBXProject section */
		B05A25CC211546D9007405CE /* Project object */ = {
			isa = PBXProject;
			attributes = {
				LastUpgradeCheck = 0920;
				ORGANIZATIONNAME = YWKJ;
				TargetAttributes = {
					B05A25D3211546D9007405CE = {
						CreatedOnToolsVersion = 9.2;
						LastSwiftMigration = 0920;
						ProvisioningStyle = Automatic;
					};
					B05A25EB211546D9007405CE = {
						CreatedOnToolsVersion = 9.2;
						ProvisioningStyle = Automatic;
						TestTargetID = B05A25D3211546D9007405CE;
					};
					B05A25F6211546D9007405CE = {
						CreatedOnToolsVersion = 9.2;
						ProvisioningStyle = Automatic;
						TestTargetID = B05A25D3211546D9007405CE;
					};
				};
			};
			buildConfigurationList = B05A25CF211546D9007405CE /* Build configuration list for PBXProject "MVVM+RAC" */;
			compatibilityVersion = "Xcode 8.0";
			developmentRegion = en;
			hasScannedForEncodings = 0;
			knownRegions = (
				en,
				Base,
			);
			mainGroup = B05A25CB211546D9007405CE;
			productRefGroup = B05A25D5211546D9007405CE /* Products */;
			projectDirPath = "";
			projectRoot = "";
			targets = (
				B05A25D3211546D9007405CE /* MVVM+RAC */,
				B05A25EB211546D9007405CE /* MVVM+RACTests */,
				B05A25F6211546D9007405CE /* MVVM+RACUITests */,
			);
		};
/* End PBXProject section */

/* Begin PBXResourcesBuildPhase section */
		B05A25D2211546D9007405CE /* Resources */ = {
			isa = PBXResourcesBuildPhase;
			buildActionMask = 2147483647;
			files = (
				B05A25E4211546D9007405CE /* LaunchScreen.storyboard in Resources */,
				B05A25E1211546D9007405CE /* Assets.xcassets in Resources */,
				B05A25DF211546D9007405CE /* Main.storyboard in Resources */,
			);
			runOnlyForDeploymentPostprocessing = 0;
		};
		B05A25EA211546D9007405CE /* Resources */ = {
			isa = PBXResourcesBuildPhase;
			buildActionMask = 2147483647;
			files = (
			);
			runOnlyForDeploymentPostprocessing = 0;
		};
		B05A25F5211546D9007405CE /* Resources */ = {
			isa = PBXResourcesBuildPhase;
			buildActionMask = 2147483647;
			files = (
			);
			runOnlyForDeploymentPostprocessing = 0;
		};
/* End PBXResourcesBuildPhase section */

/* Begin PBXShellScriptBuildPhase section */
		7A4F330450E012156C1B8070 /* [CP] Check Pods Manifest.lock */ = {
			isa = PBXShellScriptBuildPhase;
			buildActionMask = 2147483647;
			files = (
			);
			inputPaths = (
				"${PODS_PODFILE_DIR_PATH}/Podfile.lock",
				"${PODS_ROOT}/Manifest.lock",
			);
			name = "[CP] Check Pods Manifest.lock";
			outputPaths = (
				"$(DERIVED_FILE_DIR)/Pods-MVVM+RAC-checkManifestLockResult.txt",
			);
			runOnlyForDeploymentPostprocessing = 0;
			shellPath = /bin/sh;
			shellScript = "diff \"${PODS_PODFILE_DIR_PATH}/Podfile.lock\" \"${PODS_ROOT}/Manifest.lock\" > /dev/null\nif [ $? != 0 ] ; then\n    # print error to STDERR\n    echo \"error: The sandbox is not in sync with the Podfile.lock. Run 'pod install' or update your CocoaPods installation.\" >&2\n    exit 1\nfi\n# This output is used by Xcode 'outputs' to avoid re-running this script phase.\necho \"SUCCESS\" > \"${SCRIPT_OUTPUT_FILE_0}\"\n";
			showEnvVarsInLog = 0;
		};
		DAAF5A5429487672E0E7BB61 /* [CP] Copy Pods Resources */ = {
			isa = PBXShellScriptBuildPhase;
			buildActionMask = 2147483647;
			files = (
			);
			inputPaths = (
				"${SRCROOT}/Pods/Target Support Files/Pods-MVVM+RAC/Pods-MVVM+RAC-resources.sh",
				"${PODS_ROOT}/IQKeyboardManager/IQKeyboardManager/Resources/IQKeyboardManager.bundle",
				"${PODS_ROOT}/MBProgressHUD+JDragon/MBProgressHUD+JDragon/MBProgressHUD+JDragon.bundle",
				"${PODS_ROOT}/MJRefresh/MJRefresh/MJRefresh.bundle",
			);
			name = "[CP] Copy Pods Resources";
			outputPaths = (
				"${TARGET_BUILD_DIR}/${UNLOCALIZED_RESOURCES_FOLDER_PATH}/IQKeyboardManager.bundle",
				"${TARGET_BUILD_DIR}/${UNLOCALIZED_RESOURCES_FOLDER_PATH}/MBProgressHUD+JDragon.bundle",
				"${TARGET_BUILD_DIR}/${UNLOCALIZED_RESOURCES_FOLDER_PATH}/MJRefresh.bundle",
			);
			runOnlyForDeploymentPostprocessing = 0;
			shellPath = /bin/sh;
			shellScript = "\"${SRCROOT}/Pods/Target Support Files/Pods-MVVM+RAC/Pods-MVVM+RAC-resources.sh\"\n";
			showEnvVarsInLog = 0;
		};
/* End PBXShellScriptBuildPhase section */

/* Begin PBXSourcesBuildPhase section */
		B05A25D0211546D9007405CE /* Sources */ = {
			isa = PBXSourcesBuildPhase;
			buildActionMask = 2147483647;
			files = (
				B05A25DC211546D9007405CE /* ViewController.m in Sources */,
				B05A25E7211546D9007405CE /* main.m in Sources */,
				B05A25D9211546D9007405CE /* AppDelegate.m in Sources */,
			);
			runOnlyForDeploymentPostprocessing = 0;
		};
		B05A25E8211546D9007405CE /* Sources */ = {
			isa = PBXSourcesBuildPhase;
			buildActionMask = 2147483647;
			files = (
				B05A25F1211546D9007405CE /* MVVM_RACTests.m in Sources */,
			);
			runOnlyForDeploymentPostprocessing = 0;
		};
		B05A25F3211546D9007405CE /* Sources */ = {
			isa = PBXSourcesBuildPhase;
			buildActionMask = 2147483647;
			files = (
				B05A25FC211546D9007405CE /* MVVM_RACUITests.m in Sources */,
			);
			runOnlyForDeploymentPostprocessing = 0;
		};
/* End PBXSourcesBuildPhase section */

/* Begin PBXTargetDependency section */
		B05A25EE211546D9007405CE /* PBXTargetDependency */ = {
			isa = PBXTargetDependency;
			target = B05A25D3211546D9007405CE /* MVVM+RAC */;
			targetProxy = B05A25ED211546D9007405CE /* PBXContainerItemProxy */;
		};
		B05A25F9211546D9007405CE /* PBXTargetDependency */ = {
			isa = PBXTargetDependency;
			target = B05A25D3211546D9007405CE /* MVVM+RAC */;
			targetProxy = B05A25F8211546D9007405CE /* PBXContainerItemProxy */;
		};
/* End PBXTargetDependency section */

/* Begin PBXVariantGroup section */
		B05A25DD211546D9007405CE /* Main.storyboard */ = {
			isa = PBXVariantGroup;
			children = (
				B05A25DE211546D9007405CE /* Base */,
			);
			name = Main.storyboard;
			sourceTree = "<group>";
		};
		B05A25E2211546D9007405CE /* LaunchScreen.storyboard */ = {
			isa = PBXVariantGroup;
			children = (
				B05A25E3211546D9007405CE /* Base */,
			);
			name = LaunchScreen.storyboard;
			sourceTree = "<group>";
		};
/* End PBXVariantGroup section */

/* Begin XCBuildConfiguration section */
		B05A25FE211546D9007405CE /* Debug */ = {
			isa = XCBuildConfiguration;
			buildSettings = {
				ALWAYS_SEARCH_USER_PATHS = NO;
				CLANG_ANALYZER_NONNULL = YES;
				CLANG_ANALYZER_NUMBER_OBJECT_CONVERSION = YES_AGGRESSIVE;
				CLANG_CXX_LANGUAGE_STANDARD = "gnu++14";
				CLANG_CXX_LIBRARY = "libc++";
				CLANG_ENABLE_MODULES = YES;
				CLANG_ENABLE_OBJC_ARC = YES;
				CLANG_WARN_BLOCK_CAPTURE_AUTORELEASING = YES;
				CLANG_WARN_BOOL_CONVERSION = YES;
				CLANG_WARN_COMMA = YES;
				CLANG_WARN_CONSTANT_CONVERSION = YES;
				CLANG_WARN_DIRECT_OBJC_ISA_USAGE = YES_ERROR;
				CLANG_WARN_DOCUMENTATION_COMMENTS = YES;
				CLANG_WARN_EMPTY_BODY = YES;
				CLANG_WARN_ENUM_CONVERSION = YES;
				CLANG_WARN_INFINITE_RECURSION = YES;
				CLANG_WARN_INT_CONVERSION = YES;
				CLANG_WARN_NON_LITERAL_NULL_CONVERSION = YES;
				CLANG_WARN_OBJC_LITERAL_CONVERSION = YES;
				CLANG_WARN_OBJC_ROOT_CLASS = YES_ERROR;
				CLANG_WARN_RANGE_LOOP_ANALYSIS = YES;
				CLANG_WARN_STRICT_PROTOTYPES = YES;
				CLANG_WARN_SUSPICIOUS_MOVE = YES;
				CLANG_WARN_UNGUARDED_AVAILABILITY = YES_AGGRESSIVE;
				CLANG_WARN_UNREACHABLE_CODE = YES;
				CLANG_WARN__DUPLICATE_METHOD_MATCH = YES;
				CODE_SIGN_IDENTITY = "iPhone Developer";
				COPY_PHASE_STRIP = NO;
				DEBUG_INFORMATION_FORMAT = dwarf;
				ENABLE_STRICT_OBJC_MSGSEND = YES;
				ENABLE_TESTABILITY = YES;
				GCC_C_LANGUAGE_STANDARD = gnu11;
				GCC_DYNAMIC_NO_PIC = NO;
				GCC_NO_COMMON_BLOCKS = YES;
				GCC_OPTIMIZATION_LEVEL = 0;
				GCC_PREPROCESSOR_DEFINITIONS = (
					"DEBUG=1",
					"$(inherited)",
				);
				GCC_WARN_64_TO_32_BIT_CONVERSION = YES;
				GCC_WARN_ABOUT_RETURN_TYPE = YES_ERROR;
				GCC_WARN_UNDECLARED_SELECTOR = YES;
				GCC_WARN_UNINITIALIZED_AUTOS = YES_AGGRESSIVE;
				GCC_WARN_UNUSED_FUNCTION = YES;
				GCC_WARN_UNUSED_VARIABLE = YES;
				IPHONEOS_DEPLOYMENT_TARGET = 11.2;
				MTL_ENABLE_DEBUG_INFO = YES;
				ONLY_ACTIVE_ARCH = YES;
				SDKROOT = iphoneos;
			};
			name = Debug;
		};
		B05A25FF211546D9007405CE /* Release */ = {
			isa = XCBuildConfiguration;
			buildSettings = {
				ALWAYS_SEARCH_USER_PATHS = NO;
				CLANG_ANALYZER_NONNULL = YES;
				CLANG_ANALYZER_NUMBER_OBJECT_CONVERSION = YES_AGGRESSIVE;
				CLANG_CXX_LANGUAGE_STANDARD = "gnu++14";
				CLANG_CXX_LIBRARY = "libc++";
				CLANG_ENABLE_MODULES = YES;
				CLANG_ENABLE_OBJC_ARC = YES;
				CLANG_WARN_BLOCK_CAPTURE_AUTORELEASING = YES;
				CLANG_WARN_BOOL_CONVERSION = YES;
				CLANG_WARN_COMMA = YES;
				CLANG_WARN_CONSTANT_CONVERSION = YES;
				CLANG_WARN_DIRECT_OBJC_ISA_USAGE = YES_ERROR;
				CLANG_WARN_DOCUMENTATION_COMMENTS = YES;
				CLANG_WARN_EMPTY_BODY = YES;
				CLANG_WARN_ENUM_CONVERSION = YES;
				CLANG_WARN_INFINITE_RECURSION = YES;
				CLANG_WARN_INT_CONVERSION = YES;
				CLANG_WARN_NON_LITERAL_NULL_CONVERSION = YES;
				CLANG_WARN_OBJC_LITERAL_CONVERSION = YES;
				CLANG_WARN_OBJC_ROOT_CLASS = YES_ERROR;
				CLANG_WARN_RANGE_LOOP_ANALYSIS = YES;
				CLANG_WARN_STRICT_PROTOTYPES = YES;
				CLANG_WARN_SUSPICIOUS_MOVE = YES;
				CLANG_WARN_UNGUARDED_AVAILABILITY = YES_AGGRESSIVE;
				CLANG_WARN_UNREACHABLE_CODE = YES;
				CLANG_WARN__DUPLICATE_METHOD_MATCH = YES;
				CODE_SIGN_IDENTITY = "iPhone Developer";
				COPY_PHASE_STRIP = NO;
				DEBUG_INFORMATION_FORMAT = "dwarf-with-dsym";
				ENABLE_NS_ASSERTIONS = NO;
				ENABLE_STRICT_OBJC_MSGSEND = YES;
				GCC_C_LANGUAGE_STANDARD = gnu11;
				GCC_NO_COMMON_BLOCKS = YES;
				GCC_WARN_64_TO_32_BIT_CONVERSION = YES;
				GCC_WARN_ABOUT_RETURN_TYPE = YES_ERROR;
				GCC_WARN_UNDECLARED_SELECTOR = YES;
				GCC_WARN_UNINITIALIZED_AUTOS = YES_AGGRESSIVE;
				GCC_WARN_UNUSED_FUNCTION = YES;
				GCC_WARN_UNUSED_VARIABLE = YES;
				IPHONEOS_DEPLOYMENT_TARGET = 11.2;
				MTL_ENABLE_DEBUG_INFO = NO;
				SDKROOT = iphoneos;
				VALIDATE_PRODUCT = YES;
			};
			name = Release;
		};
		B05A2601211546D9007405CE /* Debug */ = {
			isa = XCBuildConfiguration;
			baseConfigurationReference = A932B92D2E4798C7C89C1A8A /* Pods-MVVM+RAC.debug.xcconfig */;
			buildSettings = {
				ASSETCATALOG_COMPILER_APPICON_NAME = AppIcon;
				CLANG_ENABLE_MODULES = YES;
				CODE_SIGN_STYLE = Automatic;
				DEVELOPMENT_TEAM = 6967F8FN94;
				INFOPLIST_FILE = "MVVM+RAC/Info.plist";
				LD_RUNPATH_SEARCH_PATHS = "$(inherited) @executable_path/Frameworks";
				PRODUCT_BUNDLE_IDENTIFIER = "com.jxyw.MVVM-RAC";
				PRODUCT_NAME = "$(TARGET_NAME)";
				SWIFT_OBJC_BRIDGING_HEADER = "MVVM+RAC/MVVM+RAC-Bridging-Header.h";
				SWIFT_OPTIMIZATION_LEVEL = "-Onone";
				SWIFT_VERSION = 3.0;
				TARGETED_DEVICE_FAMILY = "1,2";
			};
			name = Debug;
		};
		B05A2602211546D9007405CE /* Release */ = {
			isa = XCBuildConfiguration;
			baseConfigurationReference = 8D070E944795458A6D07EDAE /* Pods-MVVM+RAC.release.xcconfig */;
			buildSettings = {
				ASSETCATALOG_COMPILER_APPICON_NAME = AppIcon;
				CLANG_ENABLE_MODULES = YES;
				CODE_SIGN_STYLE = Automatic;
				DEVELOPMENT_TEAM = 6967F8FN94;
				INFOPLIST_FILE = "MVVM+RAC/Info.plist";
				LD_RUNPATH_SEARCH_PATHS = "$(inherited) @executable_path/Frameworks";
				PRODUCT_BUNDLE_IDENTIFIER = "com.jxyw.MVVM-RAC";
				PRODUCT_NAME = "$(TARGET_NAME)";
				SWIFT_OBJC_BRIDGING_HEADER = "MVVM+RAC/MVVM+RAC-Bridging-Header.h";
				SWIFT_VERSION = 3.0;
				TARGETED_DEVICE_FAMILY = "1,2";
			};
			name = Release;
		};
		B05A2604211546D9007405CE /* Debug */ = {
			isa = XCBuildConfiguration;
			buildSettings = {
				BUNDLE_LOADER = "$(TEST_HOST)";
				CODE_SIGN_STYLE = Automatic;
				DEVELOPMENT_TEAM = 6967F8FN94;
				INFOPLIST_FILE = "MVVM+RACTests/Info.plist";
				LD_RUNPATH_SEARCH_PATHS = "$(inherited) @executable_path/Frameworks @loader_path/Frameworks";
				PRODUCT_BUNDLE_IDENTIFIER = "com.jxyw.MVVM-RACTests";
				PRODUCT_NAME = "$(TARGET_NAME)";
				TARGETED_DEVICE_FAMILY = "1,2";
				TEST_HOST = "$(BUILT_PRODUCTS_DIR)/MVVM+RAC.app/MVVM+RAC";
			};
			name = Debug;
		};
		B05A2605211546D9007405CE /* Release */ = {
			isa = XCBuildConfiguration;
			buildSettings = {
				BUNDLE_LOADER = "$(TEST_HOST)";
				CODE_SIGN_STYLE = Automatic;
				DEVELOPMENT_TEAM = 6967F8FN94;
				INFOPLIST_FILE = "MVVM+RACTests/Info.plist";
				LD_RUNPATH_SEARCH_PATHS = "$(inherited) @executable_path/Frameworks @loader_path/Frameworks";
				PRODUCT_BUNDLE_IDENTIFIER = "com.jxyw.MVVM-RACTests";
				PRODUCT_NAME = "$(TARGET_NAME)";
				TARGETED_DEVICE_FAMILY = "1,2";
				TEST_HOST = "$(BUILT_PRODUCTS_DIR)/MVVM+RAC.app/MVVM+RAC";
			};
			name = Release;
		};
		B05A2607211546D9007405CE /* Debug */ = {
			isa = XCBuildConfiguration;
			buildSettings = {
				CODE_SIGN_STYLE = Automatic;
				DEVELOPMENT_TEAM = 6967F8FN94;
				INFOPLIST_FILE = "MVVM+RACUITests/Info.plist";
				LD_RUNPATH_SEARCH_PATHS = "$(inherited) @executable_path/Frameworks @loader_path/Frameworks";
				PRODUCT_BUNDLE_IDENTIFIER = "com.jxyw.MVVM-RACUITests";
				PRODUCT_NAME = "$(TARGET_NAME)";
				TARGETED_DEVICE_FAMILY = "1,2";
				TEST_TARGET_NAME = "MVVM+RAC";
			};
			name = Debug;
		};
		B05A2608211546D9007405CE /* Release */ = {
			isa = XCBuildConfiguration;
			buildSettings = {
				CODE_SIGN_STYLE = Automatic;
				DEVELOPMENT_TEAM = 6967F8FN94;
				INFOPLIST_FILE = "MVVM+RACUITests/Info.plist";
				LD_RUNPATH_SEARCH_PATHS = "$(inherited) @executable_path/Frameworks @loader_path/Frameworks";
				PRODUCT_BUNDLE_IDENTIFIER = "com.jxyw.MVVM-RACUITests";
				PRODUCT_NAME = "$(TARGET_NAME)";
				TARGETED_DEVICE_FAMILY = "1,2";
				TEST_TARGET_NAME = "MVVM+RAC";
			};
			name = Release;
		};
/* End XCBuildConfiguration section */

/* Begin XCConfigurationList section */
		B05A25CF211546D9007405CE /* Build configuration list for PBXProject "MVVM+RAC" */ = {
			isa = XCConfigurationList;
			buildConfigurations = (
				B05A25FE211546D9007405CE /* Debug */,
				B05A25FF211546D9007405CE /* Release */,
			);
			defaultConfigurationIsVisible = 0;
			defaultConfigurationName = Release;
		};
		B05A2600211546D9007405CE /* Build configuration list for PBXNativeTarget "MVVM+RAC" */ = {
			isa = XCConfigurationList;
			buildConfigurations = (
				B05A2601211546D9007405CE /* Debug */,
				B05A2602211546D9007405CE /* Release */,
			);
			defaultConfigurationIsVisible = 0;
			defaultConfigurationName = Release;
		};
		B05A2603211546D9007405CE /* Build configuration list for PBXNativeTarget "MVVM+RACTests" */ = {
			isa = XCConfigurationList;
			buildConfigurations = (
				B05A2604211546D9007405CE /* Debug */,
				B05A2605211546D9007405CE /* Release */,
			);
			defaultConfigurationIsVisible = 0;
			defaultConfigurationName = Release;
		};
		B05A2606211546D9007405CE /* Build configuration list for PBXNativeTarget "MVVM+RACUITests" */ = {
			isa = XCConfigurationList;
			buildConfigurations = (
				B05A2607211546D9007405CE /* Debug */,
				B05A2608211546D9007405CE /* Release */,
			);
			defaultConfigurationIsVisible = 0;
			defaultConfigurationName = Release;
		};
/* End XCConfigurationList section */
	};
	rootObject = B05A25CC211546D9007405CE /* Project object */;
}
